
Microsoft Visual Studio Solution File, Format Version 10.00
# Visual C++ Express 2008
Project("{8BC9CEB8-8B4A-11D0-8D11-00A0C91BC942}") = "cis25Fall2011MarcusLarsson5CodeEx1", "cis25Fall2011MarcusLarsson5CodeEx1\cis25Fall2011MarcusLarsson5CodeEx1.vcproj", "{195C228D-6064-42BC-A80F-DDC333DF9779}"
EndProject
Global
	GlobalSection(SolutionConfigurationPlatforms) = preSolution
		Debug|Win32 = Debug|Win32
		Release|Win32 = Release|Win32
	EndGlobalSection
	GlobalSection(ProjectConfigurationPlatforms) = postSolution
		{195C228D-6064-42BC-A80F-DDC333DF9779}.Debug|Win32.ActiveCfg = Debug|Win32
		{195C228D-6064-42BC-A80F-DDC333DF9779}.Debug|Win32.Build.0 = Debug|Win32
		{195C228D-6064-42BC-A80F-DDC333DF9779}.Release|Win32.ActiveCfg = Release|Win32
		{195C228D-6064-42BC-A80F-DDC333DF9779}.Release|Win32.Build.0 = Release|Win32
	EndGlobalSection
	GlobalSection(SolutionProperties) = preSolution
		HideSolutionNode = FALSE
	EndGlobalSection
EndGlobal
